
Microsoft Visual Studio Solution File, Format Version 12.00
# Visual Studio Version 17
VisualStudioVersion = 17.9.34728.123
MinimumVisualStudioVersion = 10.0.40219.1
Project("{FAE04EC0-301F-11D3-BF4B-00C04F79EFBC}") = "ATMApplication", "ATMApplication\ATMApplication.csproj", "{88D3363C-BCE2-4CB3-9A57-2F96F4E4181B}"
EndProject
Global
	GlobalSection(SolutionConfigurationPlatforms) = preSolution
		Debug|Any CPU = Debug|Any CPU
		Release|Any CPU = Release|Any CPU
	EndGlobalSection
	GlobalSection(ProjectConfigurationPlatforms) = postSolution
		{88D3363C-BCE2-4CB3-9A57-2F96F4E4181B}.Debug|Any CPU.ActiveCfg = Debug|Any CPU
		{88D3363C-BCE2-4CB3-9A57-2F96F4E4181B}.Debug|Any CPU.Build.0 = Debug|Any CPU
		{88D3363C-BCE2-4CB3-9A57-2F96F4E4181B}.Release|Any CPU.ActiveCfg = Release|Any CPU
		{88D3363C-BCE2-4CB3-9A57-2F96F4E4181B}.Release|Any CPU.Build.0 = Release|Any CPU
	EndGlobalSection
	GlobalSection(SolutionProperties) = preSolution
		HideSolutionNode = FALSE
	EndGlobalSection
	GlobalSection(ExtensibilityGlobals) = postSolution
		SolutionGuid = {05139EB3-8BA1-465E-BDFF-54068B67BF0E}
	EndGlobalSection
EndGlobal
